# This file is automatically @generated by Cargo.
# It is not intended for manual editing.
[[package]]
name = "json-parser"
version = "0.1.0"
dependencies = [
 "peg 0.6.0 (registry+https://github.com/rust-lang/crates.io-index)",
]

[[package]]
name = "peg"
version = "0.6.0"
source = "registry+https://github.com/rust-lang/crates.io-index"
dependencies = [
 "peg-macros 0.6.0 (registry+https://github.com/rust-lang/crates.io-index)",
 "peg-runtime 0.6.0 (registry+https://github.com/rust-lang/crates.io-index)",
]

[[package]]
name = "peg-macros"
version = "0.6.0"
source = "registry+https://github.com/rust-lang/crates.io-index"
dependencies = [
 "peg-runtime 0.6.0 (registry+https://github.com/rust-lang/crates.io-index)",
 "proc-macro2 1.0.6 (registry+https://github.com/rust-lang/crates.io-index)",
 "quote 1.0.2 (registry+https://github.com/rust-lang/crates.io-index)",
]

[[package]]
name = "peg-runtime"
version = "0.6.0"
source = "registry+https://github.com/rust-lang/crates.io-index"

[[package]]
name = "proc-macro2"
version = "1.0.6"
source = "registry+https://github.com/rust-lang/crates.io-index"
dependencies = [
 "unicode-xid 0.2.0 (registry+https://github.com/rust-lang/crates.io-index)",
]

[[package]]
name = "quote"
version = "1.0.2"
source = "registry+https://github.com/rust-lang/crates.io-index"
dependencies = [
 "proc-macro2 1.0.6 (registry+https://github.com/rust-lang/crates.io-index)",
]

[[package]]
name = "unicode-xid"
version = "0.2.0"
source = "registry+https://github.com/rust-lang/crates.io-index"

[metadata]
"checksum peg 0.6.0 (registry+https://github.com/rust-lang/crates.io-index)" = "c2564d37d3f0fa76f78483be246751fb0eb8cd6dffc90706d8b52aa76d25ecd4"
"checksum peg-macros 0.6.0 (registry+https://github.com/rust-lang/crates.io-index)" = "f2804853b507d6406b3f69d36cf2177fe9b118af3372b681ea9da59b32e2e76e"
"checksum peg-runtime 0.6.0 (registry+https://github.com/rust-lang/crates.io-index)" = "13416762e5e1220b0d188b88ed0abb8ece6b6eb7eaea9d3ceef7cf6213b852c7"
"checksum proc-macro2 1.0.6 (registry+https://github.com/rust-lang/crates.io-index)" = "9c9e470a8dc4aeae2dee2f335e8f533e2d4b347e1434e5671afc49b054592f27"
"checksum quote 1.0.2 (registry+https://github.com/rust-lang/crates.io-index)" = "053a8c8bcc71fcce321828dc897a98ab9760bef03a4fc36693c231e5b3216cfe"
"checksum unicode-xid 0.2.0 (registry+https://github.com/rust-lang/crates.io-index)" = "826e7639553986605ec5979c7dd957c7895e93eabed50ab2ffa7f6128a75097c"
